{
  "object": {
    "pins": [
      {
        "package": "FormattableTextView",
        "repositoryURL": "https://github.com/qiwi/FormattableTextView.git",
        "state": {
          "branch": "swift-pm",
          "revision": "882c5c7f1443f9bb1cfe764537d8d3a0fd71dac7",
          "version": null
        }
      }
    ]
  },
  "version": 1
}
