{
  "object": {
    "pins": [
      {
        "package": "FormattableTextView",
        "repositoryURL": "https://github.com/qiwi/FormattableTextView",
        "state": {
          "branch": "master",
          "revision": "8e74c3215596edb55f6061ad5d6078c78f7be156",
          "version": null
        }
      }
    ]
  },
  "version": 1
}
