{
  "object": {
    "pins": [
      {
        "package": "FormattableTextView",
        "repositoryURL": "https://github.com/qiwi/FormattableTextView",
        "state": {
          "branch": "master",
          "revision": "2924c33b1d528ee79215fe39b9de73f538fd4d84",
          "version": null
        }
      }
    ]
  },
  "version": 1
}
