{
  "object": {
    "pins": [
      {
        "package": "FormattableTextView",
        "repositoryURL": "https://github.com/qiwi/FormattableTextView",
        "state": {
          "branch": "master",
          "revision": "c8ae648b10a4f265e169c3180de6d61be82b1778",
          "version": null
        }
      }
    ]
  },
  "version": 1
}
